
Microsoft Visual Studio Solution File, Format Version 12.00
# Visual Studio Version 16
VisualStudioVersion = 16.0.31605.320
MinimumVisualStudioVersion = 10.0.40219.1
Project("{9A19103F-16F7-4668-BE54-9A1E7A4F7556}") = "MovieHallAPI", "Src\MovieHallAPI\MovieHallAPI.csproj", "{7B9DDA5A-A4C0-4742-82BD-2F588308DD50}"
EndProject
Project("{2150E333-8FDC-42A3-9474-1A3956D46DE8}") = "Src", "Src", "{B00D4E53-5946-4B90-AE87-C9ED740F4010}"
EndProject
Project("{FAE04EC0-301F-11D3-BF4B-00C04F79EFBC}") = "MovieHallAPI.Core", "Src\MovieHallAPI.Core\MovieHallAPI.Core.csproj", "{066B7B66-0C8C-411D-B3BB-14FCD8C0250A}"
EndProject
Project("{FAE04EC0-301F-11D3-BF4B-00C04F79EFBC}") = "MovieHallAPI.Repository", "Src\MovieHallAPI.Repository\MovieHallAPI.Repository.csproj", "{A8896BAD-A1DA-4C62-BD41-D95C10AF9922}"
EndProject
Project("{FAE04EC0-301F-11D3-BF4B-00C04F79EFBC}") = "MovieHallAPI.Contracts", "Src\MovieHallAPI.Contracts\MovieHallAPI.Contracts.csproj", "{EC5AFFE4-9E4D-4676-A183-DE8FCC276CD5}"
EndProject
Project("{FAE04EC0-301F-11D3-BF4B-00C04F79EFBC}") = "MovieHallAPI.Helper", "Src\MovieHallAPI.Helper\MovieHallAPI.Helper.csproj", "{FAA9EE93-96A1-4FAB-A833-88BC777BCD79}"
EndProject
Project("{FAE04EC0-301F-11D3-BF4B-00C04F79EFBC}") = "MovieHallAPI.Abstraction", "Src\MovieHallAPI.Abstraction\MovieHallAPI.Abstraction.csproj", "{B7EA960B-595A-493D-ADC0-B80B4929C29C}"
EndProject
Project("{2150E333-8FDC-42A3-9474-1A3956D46DE8}") = "Test", "Test", "{7DAB2F56-21AB-44B1-8BF1-37A0AC2E164B}"
EndProject
Project("{FAE04EC0-301F-11D3-BF4B-00C04F79EFBC}") = "MovieHallAPI.Core.Test", "Test\MovieHallAPI.Core.Test\MovieHallAPI.Core.Test.csproj", "{10F2D82A-238D-4038-911A-864AA11760E1}"
EndProject
Project("{FAE04EC0-301F-11D3-BF4B-00C04F79EFBC}") = "MovieHallAPI.Repository.Test", "Test\MovieHallAPI.Repository.Test\MovieHallAPI.Repository.Test.csproj", "{084AE21C-761C-4100-B9B5-F41C4C52F634}"
EndProject
Project("{FAE04EC0-301F-11D3-BF4B-00C04F79EFBC}") = "MovieHallAPI.Test", "Test\MovieHallAPI.Test\MovieHallAPI.Test.csproj", "{88A74DDB-7EA1-46CB-BDB1-EF5D436B8B3C}"
EndProject
Global
	GlobalSection(SolutionConfigurationPlatforms) = preSolution
		Debug|Any CPU = Debug|Any CPU
		Release|Any CPU = Release|Any CPU
	EndGlobalSection
	GlobalSection(ProjectConfigurationPlatforms) = postSolution
		{7B9DDA5A-A4C0-4742-82BD-2F588308DD50}.Debug|Any CPU.ActiveCfg = Debug|Any CPU
		{7B9DDA5A-A4C0-4742-82BD-2F588308DD50}.Debug|Any CPU.Build.0 = Debug|Any CPU
		{7B9DDA5A-A4C0-4742-82BD-2F588308DD50}.Release|Any CPU.ActiveCfg = Release|Any CPU
		{7B9DDA5A-A4C0-4742-82BD-2F588308DD50}.Release|Any CPU.Build.0 = Release|Any CPU
		{066B7B66-0C8C-411D-B3BB-14FCD8C0250A}.Debug|Any CPU.ActiveCfg = Debug|Any CPU
		{066B7B66-0C8C-411D-B3BB-14FCD8C0250A}.Debug|Any CPU.Build.0 = Debug|Any CPU
		{066B7B66-0C8C-411D-B3BB-14FCD8C0250A}.Release|Any CPU.ActiveCfg = Release|Any CPU
		{066B7B66-0C8C-411D-B3BB-14FCD8C0250A}.Release|Any CPU.Build.0 = Release|Any CPU
		{A8896BAD-A1DA-4C62-BD41-D95C10AF9922}.Debug|Any CPU.ActiveCfg = Debug|Any CPU
		{A8896BAD-A1DA-4C62-BD41-D95C10AF9922}.Debug|Any CPU.Build.0 = Debug|Any CPU
		{A8896BAD-A1DA-4C62-BD41-D95C10AF9922}.Release|Any CPU.ActiveCfg = Release|Any CPU
		{A8896BAD-A1DA-4C62-BD41-D95C10AF9922}.Release|Any CPU.Build.0 = Release|Any CPU
		{EC5AFFE4-9E4D-4676-A183-DE8FCC276CD5}.Debug|Any CPU.ActiveCfg = Debug|Any CPU
		{EC5AFFE4-9E4D-4676-A183-DE8FCC276CD5}.Debug|Any CPU.Build.0 = Debug|Any CPU
		{EC5AFFE4-9E4D-4676-A183-DE8FCC276CD5}.Release|Any CPU.ActiveCfg = Release|Any CPU
		{EC5AFFE4-9E4D-4676-A183-DE8FCC276CD5}.Release|Any CPU.Build.0 = Release|Any CPU
		{FAA9EE93-96A1-4FAB-A833-88BC777BCD79}.Debug|Any CPU.ActiveCfg = Debug|Any CPU
		{FAA9EE93-96A1-4FAB-A833-88BC777BCD79}.Debug|Any CPU.Build.0 = Debug|Any CPU
		{FAA9EE93-96A1-4FAB-A833-88BC777BCD79}.Release|Any CPU.ActiveCfg = Release|Any CPU
		{FAA9EE93-96A1-4FAB-A833-88BC777BCD79}.Release|Any CPU.Build.0 = Release|Any CPU
		{B7EA960B-595A-493D-ADC0-B80B4929C29C}.Debug|Any CPU.ActiveCfg = Debug|Any CPU
		{B7EA960B-595A-493D-ADC0-B80B4929C29C}.Debug|Any CPU.Build.0 = Debug|Any CPU
		{B7EA960B-595A-493D-ADC0-B80B4929C29C}.Release|Any CPU.ActiveCfg = Release|Any CPU
		{B7EA960B-595A-493D-ADC0-B80B4929C29C}.Release|Any CPU.Build.0 = Release|Any CPU
		{10F2D82A-238D-4038-911A-864AA11760E1}.Debug|Any CPU.ActiveCfg = Debug|Any CPU
		{10F2D82A-238D-4038-911A-864AA11760E1}.Debug|Any CPU.Build.0 = Debug|Any CPU
		{10F2D82A-238D-4038-911A-864AA11760E1}.Release|Any CPU.ActiveCfg = Release|Any CPU
		{10F2D82A-238D-4038-911A-864AA11760E1}.Release|Any CPU.Build.0 = Release|Any CPU
		{084AE21C-761C-4100-B9B5-F41C4C52F634}.Debug|Any CPU.ActiveCfg = Debug|Any CPU
		{084AE21C-761C-4100-B9B5-F41C4C52F634}.Debug|Any CPU.Build.0 = Debug|Any CPU
		{084AE21C-761C-4100-B9B5-F41C4C52F634}.Release|Any CPU.ActiveCfg = Release|Any CPU
		{084AE21C-761C-4100-B9B5-F41C4C52F634}.Release|Any CPU.Build.0 = Release|Any CPU
		{88A74DDB-7EA1-46CB-BDB1-EF5D436B8B3C}.Debug|Any CPU.ActiveCfg = Debug|Any CPU
		{88A74DDB-7EA1-46CB-BDB1-EF5D436B8B3C}.Debug|Any CPU.Build.0 = Debug|Any CPU
		{88A74DDB-7EA1-46CB-BDB1-EF5D436B8B3C}.Release|Any CPU.ActiveCfg = Release|Any CPU
		{88A74DDB-7EA1-46CB-BDB1-EF5D436B8B3C}.Release|Any CPU.Build.0 = Release|Any CPU
	EndGlobalSection
	GlobalSection(SolutionProperties) = preSolution
		HideSolutionNode = FALSE
	EndGlobalSection
	GlobalSection(NestedProjects) = preSolution
		{7B9DDA5A-A4C0-4742-82BD-2F588308DD50} = {B00D4E53-5946-4B90-AE87-C9ED740F4010}
		{066B7B66-0C8C-411D-B3BB-14FCD8C0250A} = {B00D4E53-5946-4B90-AE87-C9ED740F4010}
		{A8896BAD-A1DA-4C62-BD41-D95C10AF9922} = {B00D4E53-5946-4B90-AE87-C9ED740F4010}
		{EC5AFFE4-9E4D-4676-A183-DE8FCC276CD5} = {B00D4E53-5946-4B90-AE87-C9ED740F4010}
		{FAA9EE93-96A1-4FAB-A833-88BC777BCD79} = {B00D4E53-5946-4B90-AE87-C9ED740F4010}
		{B7EA960B-595A-493D-ADC0-B80B4929C29C} = {B00D4E53-5946-4B90-AE87-C9ED740F4010}
		{10F2D82A-238D-4038-911A-864AA11760E1} = {7DAB2F56-21AB-44B1-8BF1-37A0AC2E164B}
		{084AE21C-761C-4100-B9B5-F41C4C52F634} = {7DAB2F56-21AB-44B1-8BF1-37A0AC2E164B}
		{88A74DDB-7EA1-46CB-BDB1-EF5D436B8B3C} = {7DAB2F56-21AB-44B1-8BF1-37A0AC2E164B}
	EndGlobalSection
	GlobalSection(ExtensibilityGlobals) = postSolution
		SolutionGuid = {0D500734-43AD-4F5E-BCD2-697E9B7E5157}
	EndGlobalSection
EndGlobal
