
Microsoft Visual Studio Solution File, Format Version 12.00
# Visual Studio Version 16
VisualStudioVersion = 16.0.31605.320
MinimumVisualStudioVersion = 10.0.40219.1
Project("{9A19103F-16F7-4668-BE54-9A1E7A4F7556}") = "MovieHallAPI", "Src\MovieHallAPI\MovieHallAPI.csproj", "{7B9DDA5A-A4C0-4742-82BD-2F588308DD50}"
EndProject
Project("{2150E333-8FDC-42A3-9474-1A3956D46DE8}") = "Src", "Src", "{B00D4E53-5946-4B90-AE87-C9ED740F4010}"
EndProject
Global
	GlobalSection(SolutionConfigurationPlatforms) = preSolution
		Debug|Any CPU = Debug|Any CPU
		Release|Any CPU = Release|Any CPU
	EndGlobalSection
	GlobalSection(ProjectConfigurationPlatforms) = postSolution
		{7B9DDA5A-A4C0-4742-82BD-2F588308DD50}.Debug|Any CPU.ActiveCfg = Debug|Any CPU
		{7B9DDA5A-A4C0-4742-82BD-2F588308DD50}.Debug|Any CPU.Build.0 = Debug|Any CPU
		{7B9DDA5A-A4C0-4742-82BD-2F588308DD50}.Release|Any CPU.ActiveCfg = Release|Any CPU
		{7B9DDA5A-A4C0-4742-82BD-2F588308DD50}.Release|Any CPU.Build.0 = Release|Any CPU
	EndGlobalSection
	GlobalSection(SolutionProperties) = preSolution
		HideSolutionNode = FALSE
	EndGlobalSection
	GlobalSection(NestedProjects) = preSolution
		{7B9DDA5A-A4C0-4742-82BD-2F588308DD50} = {B00D4E53-5946-4B90-AE87-C9ED740F4010}
	EndGlobalSection
	GlobalSection(ExtensibilityGlobals) = postSolution
		SolutionGuid = {0D500734-43AD-4F5E-BCD2-697E9B7E5157}
	EndGlobalSection
EndGlobal
